<?xml version="1.0" encoding="utf-8"?>
<Project ToolsVersion="4.0" xmlns="http://schemas.microsoft.com/developer/msbuild/2003">
  <ItemGroup>
    <Filter Include="Resource Files">
      <UniqueIdentifier>{67DA6AB6-F800-4c08-8B7A-83BB121AAD01}</UniqueIdentifier>
      <Extensions>rc;ico;cur;bmp;dlg;rc2;rct;bin;rgs;gif;jpg;jpeg;jpe;resx;tiff;tif;png;wav;mfcribbon-ms</Extensions>
    </Filter>
    <Filter Include="CellTree">
      <UniqueIdentifier>{ab312b5f-bac3-4ef3-96c5-12ec59834888}</UniqueIdentifier>
    </Filter>
    <Filter Include="GameOfLife">
      <UniqueIdentifier>{e97024a2-20d2-44ae-927a-050baf0a204a}</UniqueIdentifier>
    </Filter>
    <Filter Include="GameOfLifeExe">
      <UniqueIdentifier>{6c07e011-4e23-4122-9179-8b8949121b79}</UniqueIdentifier>
    </Filter>
  </ItemGroup>
  <ItemGroup>
    <Text Include="input.txt" />
  </ItemGroup>
  <ItemGroup>
    <ClInclude Include="CellTree\Cell.h">
      <Filter>CellTree</Filter>
    </ClInclude>
    <ClInclude Include="CellTree\Constants.h">
      <Filter>CellTree</Filter>
    </ClInclude>
    <ClInclude Include="CellTree\Point.h">
      <Filter>CellTree</Filter>
    </ClInclude>
    <ClInclude Include="CellTree\Quad.h">
      <Filter>CellTree</Filter>
    </ClInclude>
    <ClInclude Include="CellTree\Tree.h">
      <Filter>CellTree</Filter>
    </ClInclude>
    <ClInclude Include="CellTree\Utils.h">
      <Filter>CellTree</Filter>
    </ClInclude>
    <ClInclude Include="GameOfLife\GdiRenderer.h">
      <Filter>GameOfLife</Filter>
    </ClInclude>
    <ClInclude Include="GameOfLife\InputManager.h">
      <Filter>GameOfLife</Filter>
    </ClInclude>
    <ClInclude Include="GameOfLife\InputParser.h">
      <Filter>GameOfLife</Filter>
    </ClInclude>
    <ClInclude Include="GameOfLife\Simulation.h">
      <Filter>GameOfLife</Filter>
    </ClInclude>
    <ClInclude Include="targetver.h">
      <Filter>GameOfLifeExe</Filter>
    </ClInclude>
    <ClInclude Include="GameOfLifeExe.h">
      <Filter>GameOfLifeExe</Filter>
    </ClInclude>
    <ClInclude Include="Resource.h">
      <Filter>GameOfLifeExe</Filter>
    </ClInclude>
    <ClInclude Include="stdafx.h">
      <Filter>GameOfLifeExe</Filter>
    </ClInclude>
  </ItemGroup>
  <ItemGroup>
    <ClCompile Include="CellTree\Tree.cpp">
      <Filter>CellTree</Filter>
    </ClCompile>
    <ClCompile Include="GameOfLifeExe.cpp">
      <Filter>GameOfLife</Filter>
    </ClCompile>
    <ClCompile Include="GameOfLife\GdiRenderer.cpp">
      <Filter>GameOfLife</Filter>
    </ClCompile>
    <ClCompile Include="GameOfLife\InputManager.cpp">
      <Filter>GameOfLife</Filter>
    </ClCompile>
    <ClCompile Include="GameOfLife\InputParser.cpp">
      <Filter>GameOfLife</Filter>
    </ClCompile>
    <ClCompile Include="GameOfLife\Simulation.cpp">
      <Filter>GameOfLife</Filter>
    </ClCompile>
    <ClCompile Include="stdafx.cpp">
      <Filter>GameOfLifeExe</Filter>
    </ClCompile>
  </ItemGroup>
  <ItemGroup>
    <Image Include="small.ico">
      <Filter>Resource Files</Filter>
    </Image>
    <Image Include="GameOfLifeExe.ico">
      <Filter>Resource Files</Filter>
    </Image>
  </ItemGroup>
  <ItemGroup>
    <ResourceCompile Include="GameOfLifeExe.rc">
      <Filter>Resource Files</Filter>
    </ResourceCompile>
  </ItemGroup>
</Project>